
Microsoft Visual Studio Solution File, Format Version 12.00
# Visual Studio Version 16
VisualStudioVersion = 16.0.30717.126
MinimumVisualStudioVersion = 10.0.40219.1
Project("{9A19103F-16F7-4668-BE54-9A1E7A4F7556}") = "CSharpWasmBenchmark", "CSharpWasmBenchmark\CSharpWasmBenchmark.csproj", "{F4B31795-CB4F-42A7-9CBE-783FAA8C45DE}"
EndProject
Project("{9A19103F-16F7-4668-BE54-9A1E7A4F7556}") = "Shared", "Shared\Shared.csproj", "{A010BF57-46C0-479D-9150-8985BF26475F}"
EndProject
Project("{9A19103F-16F7-4668-BE54-9A1E7A4F7556}") = "Benchmarking", "Benchmarking\Benchmarking.csproj", "{0F9AE0C9-D6DA-4880-9789-26791A855B4A}"
EndProject
Project("{9A19103F-16F7-4668-BE54-9A1E7A4F7556}") = "CSharpWasmAot", "CSharpWasmAot\CSharpWasmAot.csproj", "{C14838AD-648B-4101-B215-79D655783DFC}"
EndProject
Project("{9A19103F-16F7-4668-BE54-9A1E7A4F7556}") = "CSharpRuntime", "CSharpRuntime\CSharpRuntime.csproj", "{85BCFFAB-8079-418E-A88F-29BE33A3C66B}"
EndProject
Project("{9A19103F-16F7-4668-BE54-9A1E7A4F7556}") = "CSharpWasmInterpreted", "CSharpWasmInterpreted\CSharpWasmInterpreted.csproj", "{B6C9B4DA-307F-4850-903C-955B54CC394C}"
EndProject
Project("{FAE04EC0-301F-11D3-BF4B-00C04F79EFBC}") = "CSharpWasmInterpretedBlazor", "CSharpWasmInterpretedBlazor\CSharpWasmInterpretedBlazor.csproj", "{0A4506D7-EFEF-43C2-8309-5B88DFEBA3F0}"
EndProject
Global
	GlobalSection(SolutionConfigurationPlatforms) = preSolution
		Debug|Any CPU = Debug|Any CPU
		Release|Any CPU = Release|Any CPU
	EndGlobalSection
	GlobalSection(ProjectConfigurationPlatforms) = postSolution
		{F4B31795-CB4F-42A7-9CBE-783FAA8C45DE}.Debug|Any CPU.ActiveCfg = Debug|Any CPU
		{F4B31795-CB4F-42A7-9CBE-783FAA8C45DE}.Debug|Any CPU.Build.0 = Debug|Any CPU
		{F4B31795-CB4F-42A7-9CBE-783FAA8C45DE}.Release|Any CPU.ActiveCfg = Release|Any CPU
		{F4B31795-CB4F-42A7-9CBE-783FAA8C45DE}.Release|Any CPU.Build.0 = Release|Any CPU
		{A010BF57-46C0-479D-9150-8985BF26475F}.Debug|Any CPU.ActiveCfg = Debug|Any CPU
		{A010BF57-46C0-479D-9150-8985BF26475F}.Debug|Any CPU.Build.0 = Debug|Any CPU
		{A010BF57-46C0-479D-9150-8985BF26475F}.Release|Any CPU.ActiveCfg = Release|Any CPU
		{A010BF57-46C0-479D-9150-8985BF26475F}.Release|Any CPU.Build.0 = Release|Any CPU
		{0F9AE0C9-D6DA-4880-9789-26791A855B4A}.Debug|Any CPU.ActiveCfg = Debug|Any CPU
		{0F9AE0C9-D6DA-4880-9789-26791A855B4A}.Debug|Any CPU.Build.0 = Debug|Any CPU
		{0F9AE0C9-D6DA-4880-9789-26791A855B4A}.Release|Any CPU.ActiveCfg = Release|Any CPU
		{0F9AE0C9-D6DA-4880-9789-26791A855B4A}.Release|Any CPU.Build.0 = Release|Any CPU
		{C14838AD-648B-4101-B215-79D655783DFC}.Debug|Any CPU.ActiveCfg = Debug|Any CPU
		{C14838AD-648B-4101-B215-79D655783DFC}.Debug|Any CPU.Build.0 = Debug|Any CPU
		{C14838AD-648B-4101-B215-79D655783DFC}.Release|Any CPU.ActiveCfg = Release|Any CPU
		{C14838AD-648B-4101-B215-79D655783DFC}.Release|Any CPU.Build.0 = Release|Any CPU
		{85BCFFAB-8079-418E-A88F-29BE33A3C66B}.Debug|Any CPU.ActiveCfg = Debug|Any CPU
		{85BCFFAB-8079-418E-A88F-29BE33A3C66B}.Debug|Any CPU.Build.0 = Debug|Any CPU
		{85BCFFAB-8079-418E-A88F-29BE33A3C66B}.Release|Any CPU.ActiveCfg = Release|Any CPU
		{85BCFFAB-8079-418E-A88F-29BE33A3C66B}.Release|Any CPU.Build.0 = Release|Any CPU
		{B6C9B4DA-307F-4850-903C-955B54CC394C}.Debug|Any CPU.ActiveCfg = Debug|Any CPU
		{B6C9B4DA-307F-4850-903C-955B54CC394C}.Debug|Any CPU.Build.0 = Debug|Any CPU
		{B6C9B4DA-307F-4850-903C-955B54CC394C}.Release|Any CPU.ActiveCfg = Release|Any CPU
		{B6C9B4DA-307F-4850-903C-955B54CC394C}.Release|Any CPU.Build.0 = Release|Any CPU
		{0A4506D7-EFEF-43C2-8309-5B88DFEBA3F0}.Debug|Any CPU.ActiveCfg = Debug|Any CPU
		{0A4506D7-EFEF-43C2-8309-5B88DFEBA3F0}.Debug|Any CPU.Build.0 = Debug|Any CPU
		{0A4506D7-EFEF-43C2-8309-5B88DFEBA3F0}.Release|Any CPU.ActiveCfg = Release|Any CPU
		{0A4506D7-EFEF-43C2-8309-5B88DFEBA3F0}.Release|Any CPU.Build.0 = Release|Any CPU
	EndGlobalSection
	GlobalSection(SolutionProperties) = preSolution
		HideSolutionNode = FALSE
	EndGlobalSection
	GlobalSection(ExtensibilityGlobals) = postSolution
		SolutionGuid = {AE3B1342-8014-4B2F-AFB2-38D3586C8841}
	EndGlobalSection
EndGlobal
